{
  "name": "project-node-mario",
  "version": "1.0.0",
  "lockfileVersion": 3,
  "requires": true,
  "packages": {
    "": {
      "name": "project-node-mario",
      "version": "1.0.0",
      "license": "ISC",
      "dependencies": {
        "project-node-mario": "file:"
      }
    },
    "node_modules/project-node-mario": {
      "resolved": "",
      "link": true
    }
  }
}
